{
  "requires": true,
  "lockfileVersion": 1,
  "dependencies": {
    "tns-platform-declarations": {
      "version": "6.5.15",
      "resolved": "https://registry.npmjs.org/tns-platform-declarations/-/tns-platform-declarations-6.5.15.tgz",
      "integrity": "sha512-gCUt2rjPTndp0K6xrgo6tFJvmkAsVOnIvebUUXMdLsNrJScs+OX4pL4DeIGMHGm/ciLqBlG5ZPkTOi8ZJCZuAQ=="
    }
  }
}
